
Microsoft Visual Studio Solution File, Format Version 12.00
# Visual Studio 15
VisualStudioVersion = 15.0.28307.168
MinimumVisualStudioVersion = 10.0.40219.1
Project("{FAE04EC0-301F-11D3-BF4B-00C04F79EFBC}") = "Geocapabilities", "Geocapabilities\Geocapabilities.csproj", "{153BA79C-C6CF-4BB3-985C-D38808FA94E2}"
EndProject
Project("{FAE04EC0-301F-11D3-BF4B-00C04F79EFBC}") = "Console.Tests", "Console.Tests\Console.Tests.csproj", "{511A2F95-9D4E-4205-937A-63FAF960F236}"
EndProject
Global
	GlobalSection(SolutionConfigurationPlatforms) = preSolution
		Debug|Any CPU = Debug|Any CPU
		Release|Any CPU = Release|Any CPU
	EndGlobalSection
	GlobalSection(ProjectConfigurationPlatforms) = postSolution
		{153BA79C-C6CF-4BB3-985C-D38808FA94E2}.Debug|Any CPU.ActiveCfg = Debug|Any CPU
		{153BA79C-C6CF-4BB3-985C-D38808FA94E2}.Debug|Any CPU.Build.0 = Debug|Any CPU
		{153BA79C-C6CF-4BB3-985C-D38808FA94E2}.Release|Any CPU.ActiveCfg = Release|Any CPU
		{153BA79C-C6CF-4BB3-985C-D38808FA94E2}.Release|Any CPU.Build.0 = Release|Any CPU
		{511A2F95-9D4E-4205-937A-63FAF960F236}.Debug|Any CPU.ActiveCfg = Debug|Any CPU
		{511A2F95-9D4E-4205-937A-63FAF960F236}.Debug|Any CPU.Build.0 = Debug|Any CPU
		{511A2F95-9D4E-4205-937A-63FAF960F236}.Release|Any CPU.ActiveCfg = Release|Any CPU
		{511A2F95-9D4E-4205-937A-63FAF960F236}.Release|Any CPU.Build.0 = Release|Any CPU
	EndGlobalSection
	GlobalSection(SolutionProperties) = preSolution
		HideSolutionNode = FALSE
	EndGlobalSection
	GlobalSection(ExtensibilityGlobals) = postSolution
		SolutionGuid = {8353D65B-C456-4E1F-A38E-53ABDED6077D}
	EndGlobalSection
EndGlobal
